// !$*UTF8*$!
{
	archiveVersion = 1;
	classes = {
	};
	objectVersion = 50;
	objects = {

/* Begin PBXBuildFile section */
		05357ED022B23ADF00C5F073 /* Main.storyboard in Resources */ = {isa = PBXBuildFile; fileRef = 05357ECE22B23ADF00C5F073 /* Main.storyboard */; };
		05357ED322B23ADF00C5F073 /* AppRealTestTask.xcdatamodeld in Sources */ = {isa = PBXBuildFile; fileRef = 05357ED122B23ADF00C5F073 /* AppRealTestTask.xcdatamodeld */; };
		05357ED522B23AE000C5F073 /* Assets.xcassets in Resources */ = {isa = PBXBuildFile; fileRef = 05357ED422B23AE000C5F073 /* Assets.xcassets */; };
		05357ED822B23AE000C5F073 /* LaunchScreen.storyboard in Resources */ = {isa = PBXBuildFile; fileRef = 05357ED622B23AE000C5F073 /* LaunchScreen.storyboard */; };
		05357EE122B23B1F00C5F073 /* AppDelegate.swift in Sources */ = {isa = PBXBuildFile; fileRef = 05357EE022B23B1F00C5F073 /* AppDelegate.swift */; };
		05357EE622B23BA400C5F073 /* HomeViewController.swift in Sources */ = {isa = PBXBuildFile; fileRef = 05357EE522B23BA400C5F073 /* HomeViewController.swift */; };
/* End PBXBuildFile section */

/* Begin PBXFileReference section */
		05357EC722B23ADF00C5F073 /* AppRealTestTask.app */ = {isa = PBXFileReference; explicitFileType = wrapper.application; includeInIndex = 0; path = AppRealTestTask.app; sourceTree = BUILT_PRODUCTS_DIR; };
		05357ECF22B23ADF00C5F073 /* Base */ = {isa = PBXFileReference; lastKnownFileType = file.storyboard; name = Base; path = Base.lproj/Main.storyboard; sourceTree = "<group>"; };
		05357ED222B23ADF00C5F073 /* AppRealTestTask.xcdatamodel */ = {isa = PBXFileReference; lastKnownFileType = wrapper.xcdatamodel; path = AppRealTestTask.xcdatamodel; sourceTree = "<group>"; };
		05357ED422B23AE000C5F073 /* Assets.xcassets */ = {isa = PBXFileReference; lastKnownFileType = folder.assetcatalog; path = Assets.xcassets; sourceTree = "<group>"; };
		05357ED722B23AE000C5F073 /* Base */ = {isa = PBXFileReference; lastKnownFileType = file.storyboard; name = Base; path = Base.lproj/LaunchScreen.storyboard; sourceTree = "<group>"; };
		05357ED922B23AE000C5F073 /* Info.plist */ = {isa = PBXFileReference; lastKnownFileType = text.plist.xml; path = Info.plist; sourceTree = "<group>"; };
		05357EE022B23B1F00C5F073 /* AppDelegate.swift */ = {isa = PBXFileReference; fileEncoding = 4; lastKnownFileType = sourcecode.swift; path = AppDelegate.swift; sourceTree = "<group>"; };
		05357EE522B23BA400C5F073 /* HomeViewController.swift */ = {isa = PBXFileReference; lastKnownFileType = sourcecode.swift; path = HomeViewController.swift; sourceTree = "<group>"; };
/* End PBXFileReference section */

/* Begin PBXFrameworksBuildPhase section */
		05357EC422B23ADF00C5F073 /* Frameworks */ = {
			isa = PBXFrameworksBuildPhase;
			buildActionMask = 2147483647;
			files = (
			);
			runOnlyForDeploymentPostprocessing = 0;
		};
/* End PBXFrameworksBuildPhase section */

/* Begin PBXGroup section */
		05357EBE22B23ADF00C5F073 = {
			isa = PBXGroup;
			children = (
				05357EC922B23ADF00C5F073 /* AppRealTestTask */,
				05357EC822B23ADF00C5F073 /* Products */,
			);
			sourceTree = "<group>";
		};
		05357EC822B23ADF00C5F073 /* Products */ = {
			isa = PBXGroup;
			children = (
				05357EC722B23ADF00C5F073 /* AppRealTestTask.app */,
			);
			name = Products;
			sourceTree = "<group>";
		};
		05357EC922B23ADF00C5F073 /* AppRealTestTask */ = {
			isa = PBXGroup;
			children = (
				05357EDF22B23B1F00C5F073 /* Classes */,
				05357EE922B23C0B00C5F073 /* Resources */,
				05357ED922B23AE000C5F073 /* Info.plist */,
			);
			path = AppRealTestTask;
			sourceTree = "<group>";
		};
		05357EDF22B23B1F00C5F073 /* Classes */ = {
			isa = PBXGroup;
			children = (
				05357EE222B23B6900C5F073 /* Models */,
				05357EE322B23B7100C5F073 /* Views */,
				05357EE422B23B7A00C5F073 /* ViewControllers */,
				05357EE022B23B1F00C5F073 /* AppDelegate.swift */,
			);
			path = Classes;
			sourceTree = "<group>";
		};
		05357EE222B23B6900C5F073 /* Models */ = {
			isa = PBXGroup;
			children = (
				05357EE822B23BBC00C5F073 /* CDModels */,
				05357EE722B23BB400C5F073 /* Managers */,
			);
			path = Models;
			sourceTree = "<group>";
		};
		05357EE322B23B7100C5F073 /* Views */ = {
			isa = PBXGroup;
			children = (
			);
			path = Views;
			sourceTree = "<group>";
		};
		05357EE422B23B7A00C5F073 /* ViewControllers */ = {
			isa = PBXGroup;
			children = (
				05357EE522B23BA400C5F073 /* HomeViewController.swift */,
			);
			path = ViewControllers;
			sourceTree = "<group>";
		};
		05357EE722B23BB400C5F073 /* Managers */ = {
			isa = PBXGroup;
			children = (
			);
			path = Managers;
			sourceTree = "<group>";
		};
		05357EE822B23BBC00C5F073 /* CDModels */ = {
			isa = PBXGroup;
			children = (
			);
			path = CDModels;
			sourceTree = "<group>";
		};
		05357EE922B23C0B00C5F073 /* Resources */ = {
			isa = PBXGroup;
			children = (
				05357EEB22B23D1900C5F073 /* CoreData */,
				05357EEA22B23CAE00C5F073 /* Storyboards */,
				05357ED422B23AE000C5F073 /* Assets.xcassets */,
			);
			path = Resources;
			sourceTree = "<group>";
		};
		05357EEA22B23CAE00C5F073 /* Storyboards */ = {
			isa = PBXGroup;
			children = (
				05357ECE22B23ADF00C5F073 /* Main.storyboard */,
				05357ED622B23AE000C5F073 /* LaunchScreen.storyboard */,
			);
			path = Storyboards;
			sourceTree = "<group>";
		};
		05357EEB22B23D1900C5F073 /* CoreData */ = {
			isa = PBXGroup;
			children = (
				05357ED122B23ADF00C5F073 /* AppRealTestTask.xcdatamodeld */,
			);
			path = CoreData;
			sourceTree = "<group>";
		};
/* End PBXGroup section */

/* Begin PBXNativeTarget section */
		05357EC622B23ADF00C5F073 /* AppRealTestTask */ = {
			isa = PBXNativeTarget;
			buildConfigurationList = 05357EDC22B23AE000C5F073 /* Build configuration list for PBXNativeTarget "AppRealTestTask" */;
			buildPhases = (
				05357EC322B23ADF00C5F073 /* Sources */,
				05357EC422B23ADF00C5F073 /* Frameworks */,
				05357EC522B23ADF00C5F073 /* Resources */,
			);
			buildRules = (
			);
			dependencies = (
			);
			name = AppRealTestTask;
			productName = AppRealTestTask;
			productReference = 05357EC722B23ADF00C5F073 /* AppRealTestTask.app */;
			productType = "com.apple.product-type.application";
		};
/* End PBXNativeTarget section */

/* Begin PBXProject section */
		05357EBF22B23ADF00C5F073 /* Project object */ = {
			isa = PBXProject;
			attributes = {
				LastSwiftUpdateCheck = 1020;
				LastUpgradeCheck = 1020;
				ORGANIZATIONNAME = "Roman Rybachenko";
				TargetAttributes = {
					05357EC622B23ADF00C5F073 = {
						CreatedOnToolsVersion = 10.2.1;
					};
				};
			};
			buildConfigurationList = 05357EC222B23ADF00C5F073 /* Build configuration list for PBXProject "AppRealTestTask" */;
			compatibilityVersion = "Xcode 9.3";
			developmentRegion = en;
			hasScannedForEncodings = 0;
			knownRegions = (
				en,
				Base,
			);
			mainGroup = 05357EBE22B23ADF00C5F073;
			productRefGroup = 05357EC822B23ADF00C5F073 /* Products */;
			projectDirPath = "";
			projectRoot = "";
			targets = (
				05357EC622B23ADF00C5F073 /* AppRealTestTask */,
			);
		};
/* End PBXProject section */

/* Begin PBXResourcesBuildPhase section */
		05357EC522B23ADF00C5F073 /* Resources */ = {
			isa = PBXResourcesBuildPhase;
			buildActionMask = 2147483647;
			files = (
				05357ED822B23AE000C5F073 /* LaunchScreen.storyboard in Resources */,
				05357ED522B23AE000C5F073 /* Assets.xcassets in Resources */,
				05357ED022B23ADF00C5F073 /* Main.storyboard in Resources */,
			);
			runOnlyForDeploymentPostprocessing = 0;
		};
/* End PBXResourcesBuildPhase section */

/* Begin PBXSourcesBuildPhase section */
		05357EC322B23ADF00C5F073 /* Sources */ = {
			isa = PBXSourcesBuildPhase;
			buildActionMask = 2147483647;
			files = (
				05357EE122B23B1F00C5F073 /* AppDelegate.swift in Sources */,
				05357ED322B23ADF00C5F073 /* AppRealTestTask.xcdatamodeld in Sources */,
				05357EE622B23BA400C5F073 /* HomeViewController.swift in Sources */,
			);
			runOnlyForDeploymentPostprocessing = 0;
		};
/* End PBXSourcesBuildPhase section */

/* Begin PBXVariantGroup section */
		05357ECE22B23ADF00C5F073 /* Main.storyboard */ = {
			isa = PBXVariantGroup;
			children = (
				05357ECF22B23ADF00C5F073 /* Base */,
			);
			name = Main.storyboard;
			sourceTree = "<group>";
		};
		05357ED622B23AE000C5F073 /* LaunchScreen.storyboard */ = {
			isa = PBXVariantGroup;
			children = (
				05357ED722B23AE000C5F073 /* Base */,
			);
			name = LaunchScreen.storyboard;
			sourceTree = "<group>";
		};
/* End PBXVariantGroup section */

/* Begin XCBuildConfiguration section */
		05357EDA22B23AE000C5F073 /* Debug */ = {
			isa = XCBuildConfiguration;
			buildSettings = {
				ALWAYS_SEARCH_USER_PATHS = NO;
				CLANG_ANALYZER_NONNULL = YES;
				CLANG_ANALYZER_NUMBER_OBJECT_CONVERSION = YES_AGGRESSIVE;
				CLANG_CXX_LANGUAGE_STANDARD = "gnu++14";
				CLANG_CXX_LIBRARY = "libc++";
				CLANG_ENABLE_MODULES = YES;
				CLANG_ENABLE_OBJC_ARC = YES;
				CLANG_ENABLE_OBJC_WEAK = YES;
				CLANG_WARN_BLOCK_CAPTURE_AUTORELEASING = YES;
				CLANG_WARN_BOOL_CONVERSION = YES;
				CLANG_WARN_COMMA = YES;
				CLANG_WARN_CONSTANT_CONVERSION = YES;
				CLANG_WARN_DEPRECATED_OBJC_IMPLEMENTATIONS = YES;
				CLANG_WARN_DIRECT_OBJC_ISA_USAGE = YES_ERROR;
				CLANG_WARN_DOCUMENTATION_COMMENTS = YES;
				CLANG_WARN_EMPTY_BODY = YES;
				CLANG_WARN_ENUM_CONVERSION = YES;
				CLANG_WARN_INFINITE_RECURSION = YES;
				CLANG_WARN_INT_CONVERSION = YES;
				CLANG_WARN_NON_LITERAL_NULL_CONVERSION = YES;
				CLANG_WARN_OBJC_IMPLICIT_RETAIN_SELF = YES;
				CLANG_WARN_OBJC_LITERAL_CONVERSION = YES;
				CLANG_WARN_OBJC_ROOT_CLASS = YES_ERROR;
				CLANG_WARN_RANGE_LOOP_ANALYSIS = YES;
				CLANG_WARN_STRICT_PROTOTYPES = YES;
				CLANG_WARN_SUSPICIOUS_MOVE = YES;
				CLANG_WARN_UNGUARDED_AVAILABILITY = YES_AGGRESSIVE;
				CLANG_WARN_UNREACHABLE_CODE = YES;
				CLANG_WARN__DUPLICATE_METHOD_MATCH = YES;
				CODE_SIGN_IDENTITY = "iPhone Developer";
				COPY_PHASE_STRIP = NO;
				DEBUG_INFORMATION_FORMAT = dwarf;
				ENABLE_STRICT_OBJC_MSGSEND = YES;
				ENABLE_TESTABILITY = YES;
				GCC_C_LANGUAGE_STANDARD = gnu11;
				GCC_DYNAMIC_NO_PIC = NO;
				GCC_NO_COMMON_BLOCKS = YES;
				GCC_OPTIMIZATION_LEVEL = 0;
				GCC_PREPROCESSOR_DEFINITIONS = (
					"DEBUG=1",
					"$(inherited)",
				);
				GCC_WARN_64_TO_32_BIT_CONVERSION = YES;
				GCC_WARN_ABOUT_RETURN_TYPE = YES_ERROR;
				GCC_WARN_UNDECLARED_SELECTOR = YES;
				GCC_WARN_UNINITIALIZED_AUTOS = YES_AGGRESSIVE;
				GCC_WARN_UNUSED_FUNCTION = YES;
				GCC_WARN_UNUSED_VARIABLE = YES;
				IPHONEOS_DEPLOYMENT_TARGET = 12.2;
				MTL_ENABLE_DEBUG_INFO = INCLUDE_SOURCE;
				MTL_FAST_MATH = YES;
				ONLY_ACTIVE_ARCH = YES;
				SDKROOT = iphoneos;
				SWIFT_ACTIVE_COMPILATION_CONDITIONS = DEBUG;
				SWIFT_OPTIMIZATION_LEVEL = "-Onone";
			};
			name = Debug;
		};
		05357EDB22B23AE000C5F073 /* Release */ = {
			isa = XCBuildConfiguration;
			buildSettings = {
				ALWAYS_SEARCH_USER_PATHS = NO;
				CLANG_ANALYZER_NONNULL = YES;
				CLANG_ANALYZER_NUMBER_OBJECT_CONVERSION = YES_AGGRESSIVE;
				CLANG_CXX_LANGUAGE_STANDARD = "gnu++14";
				CLANG_CXX_LIBRARY = "libc++";
				CLANG_ENABLE_MODULES = YES;
				CLANG_ENABLE_OBJC_ARC = YES;
				CLANG_ENABLE_OBJC_WEAK = YES;
				CLANG_WARN_BLOCK_CAPTURE_AUTORELEASING = YES;
				CLANG_WARN_BOOL_CONVERSION = YES;
				CLANG_WARN_COMMA = YES;
				CLANG_WARN_CONSTANT_CONVERSION = YES;
				CLANG_WARN_DEPRECATED_OBJC_IMPLEMENTATIONS = YES;
				CLANG_WARN_DIRECT_OBJC_ISA_USAGE = YES_ERROR;
				CLANG_WARN_DOCUMENTATION_COMMENTS = YES;
				CLANG_WARN_EMPTY_BODY = YES;
				CLANG_WARN_ENUM_CONVERSION = YES;
				CLANG_WARN_INFINITE_RECURSION = YES;
				CLANG_WARN_INT_CONVERSION = YES;
				CLANG_WARN_NON_LITERAL_NULL_CONVERSION = YES;
				CLANG_WARN_OBJC_IMPLICIT_RETAIN_SELF = YES;
				CLANG_WARN_OBJC_LITERAL_CONVERSION = YES;
				CLANG_WARN_OBJC_ROOT_CLASS = YES_ERROR;
				CLANG_WARN_RANGE_LOOP_ANALYSIS = YES;
				CLANG_WARN_STRICT_PROTOTYPES = YES;
				CLANG_WARN_SUSPICIOUS_MOVE = YES;
				CLANG_WARN_UNGUARDED_AVAILABILITY = YES_AGGRESSIVE;
				CLANG_WARN_UNREACHABLE_CODE = YES;
				CLANG_WARN__DUPLICATE_METHOD_MATCH = YES;
				CODE_SIGN_IDENTITY = "iPhone Developer";
				COPY_PHASE_STRIP = NO;
				DEBUG_INFORMATION_FORMAT = "dwarf-with-dsym";
				ENABLE_NS_ASSERTIONS = NO;
				ENABLE_STRICT_OBJC_MSGSEND = YES;
				GCC_C_LANGUAGE_STANDARD = gnu11;
				GCC_NO_COMMON_BLOCKS = YES;
				GCC_WARN_64_TO_32_BIT_CONVERSION = YES;
				GCC_WARN_ABOUT_RETURN_TYPE = YES_ERROR;
				GCC_WARN_UNDECLARED_SELECTOR = YES;
				GCC_WARN_UNINITIALIZED_AUTOS = YES_AGGRESSIVE;
				GCC_WARN_UNUSED_FUNCTION = YES;
				GCC_WARN_UNUSED_VARIABLE = YES;
				IPHONEOS_DEPLOYMENT_TARGET = 12.2;
				MTL_ENABLE_DEBUG_INFO = NO;
				MTL_FAST_MATH = YES;
				SDKROOT = iphoneos;
				SWIFT_COMPILATION_MODE = wholemodule;
				SWIFT_OPTIMIZATION_LEVEL = "-O";
				VALIDATE_PRODUCT = YES;
			};
			name = Release;
		};
		05357EDD22B23AE000C5F073 /* Debug */ = {
			isa = XCBuildConfiguration;
			buildSettings = {
				ASSETCATALOG_COMPILER_APPICON_NAME = AppIcon;
				ASSETCATALOG_COMPILER_LAUNCHIMAGE_NAME = LaunchImage;
				CODE_SIGN_STYLE = Automatic;
				DEVELOPMENT_TEAM = UHJFHS6M7R;
				INFOPLIST_FILE = AppRealTestTask/Info.plist;
				LD_RUNPATH_SEARCH_PATHS = (
					"$(inherited)",
					"@executable_path/Frameworks",
				);
				PRODUCT_BUNDLE_IDENTIFIER = com.rrybachenko.AppRealTestTask;
				PRODUCT_NAME = "$(TARGET_NAME)";
				SWIFT_VERSION = 5.0;
				TARGETED_DEVICE_FAMILY = "1,2";
			};
			name = Debug;
		};
		05357EDE22B23AE000C5F073 /* Release */ = {
			isa = XCBuildConfiguration;
			buildSettings = {
				ASSETCATALOG_COMPILER_APPICON_NAME = AppIcon;
				ASSETCATALOG_COMPILER_LAUNCHIMAGE_NAME = LaunchImage;
				CODE_SIGN_STYLE = Automatic;
				DEVELOPMENT_TEAM = UHJFHS6M7R;
				INFOPLIST_FILE = AppRealTestTask/Info.plist;
				LD_RUNPATH_SEARCH_PATHS = (
					"$(inherited)",
					"@executable_path/Frameworks",
				);
				PRODUCT_BUNDLE_IDENTIFIER = com.rrybachenko.AppRealTestTask;
				PRODUCT_NAME = "$(TARGET_NAME)";
				SWIFT_VERSION = 5.0;
				TARGETED_DEVICE_FAMILY = "1,2";
			};
			name = Release;
		};
/* End XCBuildConfiguration section */

/* Begin XCConfigurationList section */
		05357EC222B23ADF00C5F073 /* Build configuration list for PBXProject "AppRealTestTask" */ = {
			isa = XCConfigurationList;
			buildConfigurations = (
				05357EDA22B23AE000C5F073 /* Debug */,
				05357EDB22B23AE000C5F073 /* Release */,
			);
			defaultConfigurationIsVisible = 0;
			defaultConfigurationName = Release;
		};
		05357EDC22B23AE000C5F073 /* Build configuration list for PBXNativeTarget "AppRealTestTask" */ = {
			isa = XCConfigurationList;
			buildConfigurations = (
				05357EDD22B23AE000C5F073 /* Debug */,
				05357EDE22B23AE000C5F073 /* Release */,
			);
			defaultConfigurationIsVisible = 0;
			defaultConfigurationName = Release;
		};
/* End XCConfigurationList section */

/* Begin XCVersionGroup section */
		05357ED122B23ADF00C5F073 /* AppRealTestTask.xcdatamodeld */ = {
			isa = XCVersionGroup;
			children = (
				05357ED222B23ADF00C5F073 /* AppRealTestTask.xcdatamodel */,
			);
			currentVersion = 05357ED222B23ADF00C5F073 /* AppRealTestTask.xcdatamodel */;
			path = AppRealTestTask.xcdatamodeld;
			sourceTree = "<group>";
			versionGroupType = wrapper.xcdatamodel;
		};
/* End XCVersionGroup section */
	};
	rootObject = 05357EBF22B23ADF00C5F073 /* Project object */;
}
